
Microsoft Visual Studio Solution File, Format Version 12.00
# Visual Studio 14
VisualStudioVersion = 14.0.24720.0
MinimumVisualStudioVersion = 10.0.40219.1
Project("{FAE04EC0-301F-11D3-BF4B-00C04F79EFBC}") = "sts2", "sts2.csproj", "{82490D24-A744-0FA3-AD7C-2F8F9A715FC8}"
EndProject
Project("{2150E333-8FDC-42A3-9474-1A3956D46DE8}") = "STS2AI", "STS2AI", "{4B2C61E7-23DB-F0BC-34B3-DC885AB7B44F}"
EndProject
Project("{2150E333-8FDC-42A3-9474-1A3956D46DE8}") = "ENV", "ENV", "{6BAFB272-759F-A696-4DF7-23F884950822}"
EndProject
Project("{2150E333-8FDC-42A3-9474-1A3956D46DE8}") = "Sim", "Sim", "{51511335-F1CE-47CC-1B57-6CD3627190E4}"
EndProject
Project("{FAE04EC0-301F-11D3-BF4B-00C04F79EFBC}") = "HeadlessSim", "STS2AI\ENV\Sim\HeadlessSim\HeadlessSim.csproj", "{8EECD0B3-395C-46DA-9493-577F3822605F}"
EndProject
Project("{FAE04EC0-301F-11D3-BF4B-00C04F79EFBC}") = "sts2_mcp_spectator", "STS2AI\ENV\SpectatorBridgeMod\sts2_mcp_spectator.csproj", "{3F1CEDDE-EEE8-4296-BE3A-7DF1C9C3C7EA}"
EndProject
Project("{FAE04EC0-301F-11D3-BF4B-00C04F79EFBC}") = "GodotSharpStub", "STS2AI\ENV\Sim\GodotSharpStub\GodotSharpStub.csproj", "{1ED178E3-18DA-48E9-9115-4B24FCC5D7B5}"
EndProject
Global
	GlobalSection(SolutionConfigurationPlatforms) = preSolution
		Debug|x64 = Debug|x64
		Debug|Any CPU = Debug|Any CPU
		Debug|x86 = Debug|x86
		Release|x64 = Release|x64
		Release|Any CPU = Release|Any CPU
		Release|x86 = Release|x86
	EndGlobalSection
	GlobalSection(ProjectConfigurationPlatforms) = postSolution
		{82490D24-A744-0FA3-AD7C-2F8F9A715FC8}.Debug|x64.ActiveCfg = Debug|x64
		{82490D24-A744-0FA3-AD7C-2F8F9A715FC8}.Debug|x64.Build.0 = Debug|x64
		{82490D24-A744-0FA3-AD7C-2F8F9A715FC8}.Debug|Any CPU.ActiveCfg = Debug|Any CPU
		{82490D24-A744-0FA3-AD7C-2F8F9A715FC8}.Debug|Any CPU.Build.0 = Debug|Any CPU
		{82490D24-A744-0FA3-AD7C-2F8F9A715FC8}.Debug|x86.ActiveCfg = Debug|Any CPU
		{82490D24-A744-0FA3-AD7C-2F8F9A715FC8}.Debug|x86.Build.0 = Debug|Any CPU
		{82490D24-A744-0FA3-AD7C-2F8F9A715FC8}.Release|x64.ActiveCfg = Release|x64
		{82490D24-A744-0FA3-AD7C-2F8F9A715FC8}.Release|x64.Build.0 = Release|x64
		{82490D24-A744-0FA3-AD7C-2F8F9A715FC8}.Release|Any CPU.ActiveCfg = Release|Any CPU
		{82490D24-A744-0FA3-AD7C-2F8F9A715FC8}.Release|Any CPU.Build.0 = Release|Any CPU
		{82490D24-A744-0FA3-AD7C-2F8F9A715FC8}.Release|x86.ActiveCfg = Release|Any CPU
		{82490D24-A744-0FA3-AD7C-2F8F9A715FC8}.Release|x86.Build.0 = Release|Any CPU
		{8EECD0B3-395C-46DA-9493-577F3822605F}.Debug|x64.ActiveCfg = Debug|Any CPU
		{8EECD0B3-395C-46DA-9493-577F3822605F}.Debug|x64.Build.0 = Debug|Any CPU
		{8EECD0B3-395C-46DA-9493-577F3822605F}.Debug|Any CPU.ActiveCfg = Debug|Any CPU
		{8EECD0B3-395C-46DA-9493-577F3822605F}.Debug|Any CPU.Build.0 = Debug|Any CPU
		{8EECD0B3-395C-46DA-9493-577F3822605F}.Debug|x86.ActiveCfg = Debug|Any CPU
		{8EECD0B3-395C-46DA-9493-577F3822605F}.Debug|x86.Build.0 = Debug|Any CPU
		{8EECD0B3-395C-46DA-9493-577F3822605F}.Release|x64.ActiveCfg = Release|Any CPU
		{8EECD0B3-395C-46DA-9493-577F3822605F}.Release|x64.Build.0 = Release|Any CPU
		{8EECD0B3-395C-46DA-9493-577F3822605F}.Release|Any CPU.ActiveCfg = Release|Any CPU
		{8EECD0B3-395C-46DA-9493-577F3822605F}.Release|Any CPU.Build.0 = Release|Any CPU
		{8EECD0B3-395C-46DA-9493-577F3822605F}.Release|x86.ActiveCfg = Release|Any CPU
		{8EECD0B3-395C-46DA-9493-577F3822605F}.Release|x86.Build.0 = Release|Any CPU
		{3F1CEDDE-EEE8-4296-BE3A-7DF1C9C3C7EA}.Debug|x64.ActiveCfg = Debug|Any CPU
		{3F1CEDDE-EEE8-4296-BE3A-7DF1C9C3C7EA}.Debug|x64.Build.0 = Debug|Any CPU
		{3F1CEDDE-EEE8-4296-BE3A-7DF1C9C3C7EA}.Debug|Any CPU.ActiveCfg = Debug|Any CPU
		{3F1CEDDE-EEE8-4296-BE3A-7DF1C9C3C7EA}.Debug|Any CPU.Build.0 = Debug|Any CPU
		{3F1CEDDE-EEE8-4296-BE3A-7DF1C9C3C7EA}.Debug|x86.ActiveCfg = Debug|Any CPU
		{3F1CEDDE-EEE8-4296-BE3A-7DF1C9C3C7EA}.Debug|x86.Build.0 = Debug|Any CPU
		{3F1CEDDE-EEE8-4296-BE3A-7DF1C9C3C7EA}.Release|x64.ActiveCfg = Release|Any CPU
		{3F1CEDDE-EEE8-4296-BE3A-7DF1C9C3C7EA}.Release|x64.Build.0 = Release|Any CPU
		{3F1CEDDE-EEE8-4296-BE3A-7DF1C9C3C7EA}.Release|Any CPU.ActiveCfg = Release|Any CPU
		{3F1CEDDE-EEE8-4296-BE3A-7DF1C9C3C7EA}.Release|Any CPU.Build.0 = Release|Any CPU
		{3F1CEDDE-EEE8-4296-BE3A-7DF1C9C3C7EA}.Release|x86.ActiveCfg = Release|Any CPU
		{3F1CEDDE-EEE8-4296-BE3A-7DF1C9C3C7EA}.Release|x86.Build.0 = Release|Any CPU
		{1ED178E3-18DA-48E9-9115-4B24FCC5D7B5}.Debug|x64.ActiveCfg = Debug|Any CPU
		{1ED178E3-18DA-48E9-9115-4B24FCC5D7B5}.Debug|x64.Build.0 = Debug|Any CPU
		{1ED178E3-18DA-48E9-9115-4B24FCC5D7B5}.Debug|Any CPU.ActiveCfg = Debug|Any CPU
		{1ED178E3-18DA-48E9-9115-4B24FCC5D7B5}.Debug|Any CPU.Build.0 = Debug|Any CPU
		{1ED178E3-18DA-48E9-9115-4B24FCC5D7B5}.Debug|x86.ActiveCfg = Debug|Any CPU
		{1ED178E3-18DA-48E9-9115-4B24FCC5D7B5}.Debug|x86.Build.0 = Debug|Any CPU
		{1ED178E3-18DA-48E9-9115-4B24FCC5D7B5}.Release|x64.ActiveCfg = Release|Any CPU
		{1ED178E3-18DA-48E9-9115-4B24FCC5D7B5}.Release|x64.Build.0 = Release|Any CPU
		{1ED178E3-18DA-48E9-9115-4B24FCC5D7B5}.Release|Any CPU.ActiveCfg = Release|Any CPU
		{1ED178E3-18DA-48E9-9115-4B24FCC5D7B5}.Release|Any CPU.Build.0 = Release|Any CPU
		{1ED178E3-18DA-48E9-9115-4B24FCC5D7B5}.Release|x86.ActiveCfg = Release|Any CPU
		{1ED178E3-18DA-48E9-9115-4B24FCC5D7B5}.Release|x86.Build.0 = Release|Any CPU
	EndGlobalSection
	GlobalSection(SolutionProperties) = preSolution
		HideSolutionNode = FALSE
	EndGlobalSection
	GlobalSection(NestedProjects) = preSolution
		{6BAFB272-759F-A696-4DF7-23F884950822} = {4B2C61E7-23DB-F0BC-34B3-DC885AB7B44F}
		{51511335-F1CE-47CC-1B57-6CD3627190E4} = {6BAFB272-759F-A696-4DF7-23F884950822}
		{8EECD0B3-395C-46DA-9493-577F3822605F} = {51511335-F1CE-47CC-1B57-6CD3627190E4}
		{3F1CEDDE-EEE8-4296-BE3A-7DF1C9C3C7EA} = {51511335-F1CE-47CC-1B57-6CD3627190E4}
		{1ED178E3-18DA-48E9-9115-4B24FCC5D7B5} = {51511335-F1CE-47CC-1B57-6CD3627190E4}
	EndGlobalSection
EndGlobal
